NeoBundleLock indentLine afc214ca0700696c4d9f53d1a84e841c17bc7e7a
NeoBundleLock jedi-vim 054285e2b7485d4adabfd4956806e6567eedebfe
NeoBundleLock neobundle.vim fd15e35a7a7c4e84ae62981cfa529ae7cc382330
NeoBundleLock syntastic 24bb2935745809998ae8223f0d98cfc52a18ecd7
NeoBundleLock tagbar c6b473f5593a1cb9e567bb1a9a897f196f1f720a
