NeoBundleLock AnsiEsc.vim d2bb7878622e4c16203acf1c92a0f4bc7ac58003
NeoBundleLock clang_complete bb4f7dd72e2be5771044307f6fe4d7db97007a04
NeoBundleLock indentLine 6011a6132c40d7f8fecadd7b44677f539289ea4c
NeoBundleLock jedi-vim 2cf1d42fff0413b57bbd571f9e9312bdee843247
NeoBundleLock neobundle.vim ef32bf7170272b6cd61293b3f175825fba8232e2
NeoBundleLock netrw.vim 985e4247629845556676e825feda7ecfb37ea73d
NeoBundleLock syntastic 630169bfc21bf5a114616238810e4b31b19eb983
NeoBundleLock tagbar 7b36c46d17d57db34fdb0adac9ba6382d0bb5e66
NeoBundleLock tcomment_vim c067932263fbb8add3c330485b14f31f791418f0
NeoBundleLock unite.vim 454749a3d7eb6fac2e6b1bec094b27f2d6941013
NeoBundleLock vim-django-support a0b21e72a2ce22141d60c494de1f58cb960b413f
NeoBundleLock vim-easy-align 7cb559eb70600bbd81afbb2d7f60d98334f631e2
NeoBundleLock vim-latex d66d7ee387e74239875365063d7bb99314661b85
NeoBundleLock vim-quickrun 76a5a0337e19e35cb4ac1d098636e2a688104558
NeoBundleLock vim-surround 2d05440ad23f97a7874ebd9b5de3a0e65d25d85c
NeoBundleLock vim-template e6e3a8c6b4f7520406f0b5f5a7e7f5507f1834d4
NeoBundleLock vim-trailing-whitespace 478b217d299b6f5938b43a4929d6bb0907cc3a56
NeoBundleLock vim-virtualenv 0c60d3110d47b4d1c94f611113efb26a2d48a1d9
NeoBundleLock vimfiler.vim d3ce50204d5255615f965f9ec804667f10c270a1
